
Microsoft Visual Studio Solution File, Format Version 12.00
# Visual Studio 2012
Project("{FAE04EC0-301F-11D3-BF4B-00C04F79EFBC}") = "MVVM", "MVVM\MVVM.csproj", "{B412DECD-AC37-4BC5-ADF3-EB5DD7F146B7}"
EndProject
Project("{FAE04EC0-301F-11D3-BF4B-00C04F79EFBC}") = "ViewModelBase", "ViewModelBase\ViewModelBase.csproj", "{1AB36746-CC25-4731-A0D6-08FBFD9565F9}"
EndProject
Global
	GlobalSection(SolutionConfigurationPlatforms) = preSolution
		Debug|Any CPU = Debug|Any CPU
		Release|Any CPU = Release|Any CPU
	EndGlobalSection
	GlobalSection(ProjectConfigurationPlatforms) = postSolution
		{B412DECD-AC37-4BC5-ADF3-EB5DD7F146B7}.Debug|Any CPU.ActiveCfg = Debug|Any CPU
		{B412DECD-AC37-4BC5-ADF3-EB5DD7F146B7}.Debug|Any CPU.Build.0 = Debug|Any CPU
		{B412DECD-AC37-4BC5-ADF3-EB5DD7F146B7}.Release|Any CPU.ActiveCfg = Release|Any CPU
		{B412DECD-AC37-4BC5-ADF3-EB5DD7F146B7}.Release|Any CPU.Build.0 = Release|Any CPU
		{1AB36746-CC25-4731-A0D6-08FBFD9565F9}.Debug|Any CPU.ActiveCfg = Debug|Any CPU
		{1AB36746-CC25-4731-A0D6-08FBFD9565F9}.Debug|Any CPU.Build.0 = Debug|Any CPU
		{1AB36746-CC25-4731-A0D6-08FBFD9565F9}.Release|Any CPU.ActiveCfg = Release|Any CPU
		{1AB36746-CC25-4731-A0D6-08FBFD9565F9}.Release|Any CPU.Build.0 = Release|Any CPU
	EndGlobalSection
	GlobalSection(SolutionProperties) = preSolution
		HideSolutionNode = FALSE
	EndGlobalSection
EndGlobal
